// !$*UTF8*$!
{
	archiveVersion = 1;
	classes = {
	};
	objectVersion = 77;
	objects = {

/* Begin PBXContainerItemProxy section */
		042FDE302CA1BFB6001F4CF4 /* PBXContainerItemProxy */ = {
			isa = PBXContainerItemProxy;
			containerPortal = 042FDE0E2CA1BFB5001F4CF4 /* Project object */;
			proxyType = 1;
			remoteGlobalIDString = 042FDE152CA1BFB5001F4CF4;
			remoteInfo = "BCCU-SWIFT";
		};
		042FDE3A2CA1BFB6001F4CF4 /* PBXContainerItemProxy */ = {
			isa = PBXContainerItemProxy;
			containerPortal = 042FDE0E2CA1BFB5001F4CF4 /* Project object */;
			proxyType = 1;
			remoteGlobalIDString = 042FDE152CA1BFB5001F4CF4;
			remoteInfo = "BCCU-SWIFT";
		};
/* End PBXContainerItemProxy section */

/* Begin PBXFileReference section */
		042FDE162CA1BFB5001F4CF4 /* BCCU-SWIFT.app */ = {isa = PBXFileReference; explicitFileType = wrapper.application; includeInIndex = 0; path = "BCCU-SWIFT.app"; sourceTree = BUILT_PRODUCTS_DIR; };
		042FDE2F2CA1BFB6001F4CF4 /* BCCU-SWIFTTests.xctest */ = {isa = PBXFileReference; explicitFileType = wrapper.cfbundle; includeInIndex = 0; path = "BCCU-SWIFTTests.xctest"; sourceTree = BUILT_PRODUCTS_DIR; };
		042FDE392CA1BFB6001F4CF4 /* BCCU-SWIFTUITests.xctest */ = {isa = PBXFileReference; explicitFileType = wrapper.cfbundle; includeInIndex = 0; path = "BCCU-SWIFTUITests.xctest"; sourceTree = BUILT_PRODUCTS_DIR; };
/* End PBXFileReference section */

/* Begin PBXFileSystemSynchronizedBuildFileExceptionSet section */
		042FDE412CA1BFB6001F4CF4 /* Exceptions for "BCCU-SWIFT" folder in "BCCU-SWIFT" target */ = {
			isa = PBXFileSystemSynchronizedBuildFileExceptionSet;
			membershipExceptions = (
				Info.plist,
			);
			target = 042FDE152CA1BFB5001F4CF4 /* BCCU-SWIFT */;
		};
/* End PBXFileSystemSynchronizedBuildFileExceptionSet section */

/* Begin PBXFileSystemSynchronizedRootGroup section */
		042FDE182CA1BFB5001F4CF4 /* BCCU-SWIFT */ = {
			isa = PBXFileSystemSynchronizedRootGroup;
			exceptions = (
				042FDE412CA1BFB6001F4CF4 /* Exceptions for "BCCU-SWIFT" folder in "BCCU-SWIFT" target */,
			);
			path = "BCCU-SWIFT";
			sourceTree = "<group>";
		};
		042FDE322CA1BFB6001F4CF4 /* BCCU-SWIFTTests */ = {
			isa = PBXFileSystemSynchronizedRootGroup;
			path = "BCCU-SWIFTTests";
			sourceTree = "<group>";
		};
		042FDE3C2CA1BFB6001F4CF4 /* BCCU-SWIFTUITests */ = {
			isa = PBXFileSystemSynchronizedRootGroup;
			path = "BCCU-SWIFTUITests";
			sourceTree = "<group>";
		};
/* End PBXFileSystemSynchronizedRootGroup section */

/* Begin PBXFrameworksBuildPhase section */
		042FDE132CA1BFB5001F4CF4 /* Frameworks */ = {
			isa = PBXFrameworksBuildPhase;
			buildActionMask = 2147483647;
			files = (
			);
			runOnlyForDeploymentPostprocessing = 0;
		};
		042FDE2C2CA1BFB6001F4CF4 /* Frameworks */ = {
			isa = PBXFrameworksBuildPhase;
			buildActionMask = 2147483647;
			files = (
			);
			runOnlyForDeploymentPostprocessing = 0;
		};
		042FDE362CA1BFB6001F4CF4 /* Frameworks */ = {
			isa = PBXFrameworksBuildPhase;
			buildActionMask = 2147483647;
			files = (
			);
			runOnlyForDeploymentPostprocessing = 0;
		};
/* End PBXFrameworksBuildPhase section */

/* Begin PBXGroup section */
		042FDE0D2CA1BFB5001F4CF4 = {
			isa = PBXGroup;
			children = (
				042FDE182CA1BFB5001F4CF4 /* BCCU-SWIFT */,
				042FDE322CA1BFB6001F4CF4 /* BCCU-SWIFTTests */,
				042FDE3C2CA1BFB6001F4CF4 /* BCCU-SWIFTUITests */,
				042FDE172CA1BFB5001F4CF4 /* Products */,
			);
			sourceTree = "<group>";
		};
		042FDE172CA1BFB5001F4CF4 /* Products */ = {
			isa = PBXGroup;
			children = (
				042FDE162CA1BFB5001F4CF4 /* BCCU-SWIFT.app */,
				042FDE2F2CA1BFB6001F4CF4 /* BCCU-SWIFTTests.xctest */,
				042FDE392CA1BFB6001F4CF4 /* BCCU-SWIFTUITests.xctest */,
			);
			name = Products;
			sourceTree = "<group>";
		};
/* End PBXGroup section */

/* Begin PBXNativeTarget section */
		042FDE152CA1BFB5001F4CF4 /* BCCU-SWIFT */ = {
			isa = PBXNativeTarget;
			buildConfigurationList = 042FDE422CA1BFB6001F4CF4 /* Build configuration list for PBXNativeTarget "BCCU-SWIFT" */;
			buildPhases = (
				042FDE122CA1BFB5001F4CF4 /* Sources */,
				042FDE132CA1BFB5001F4CF4 /* Frameworks */,
				042FDE142CA1BFB5001F4CF4 /* Resources */,
			);
			buildRules = (
			);
			dependencies = (
			);
			fileSystemSynchronizedGroups = (
				042FDE182CA1BFB5001F4CF4 /* BCCU-SWIFT */,
			);
			name = "BCCU-SWIFT";
			packageProductDependencies = (
			);
			productName = "BCCU-SWIFT";
			productReference = 042FDE162CA1BFB5001F4CF4 /* BCCU-SWIFT.app */;
			productType = "com.apple.product-type.application";
		};
		042FDE2E2CA1BFB6001F4CF4 /* BCCU-SWIFTTests */ = {
			isa = PBXNativeTarget;
			buildConfigurationList = 042FDE472CA1BFB6001F4CF4 /* Build configuration list for PBXNativeTarget "BCCU-SWIFTTests" */;
			buildPhases = (
				042FDE2B2CA1BFB6001F4CF4 /* Sources */,
				042FDE2C2CA1BFB6001F4CF4 /* Frameworks */,
				042FDE2D2CA1BFB6001F4CF4 /* Resources */,
			);
			buildRules = (
			);
			dependencies = (
				042FDE312CA1BFB6001F4CF4 /* PBXTargetDependency */,
			);
			fileSystemSynchronizedGroups = (
				042FDE322CA1BFB6001F4CF4 /* BCCU-SWIFTTests */,
			);
			name = "BCCU-SWIFTTests";
			packageProductDependencies = (
			);
			productName = "BCCU-SWIFTTests";
			productReference = 042FDE2F2CA1BFB6001F4CF4 /* BCCU-SWIFTTests.xctest */;
			productType = "com.apple.product-type.bundle.unit-test";
		};
		042FDE382CA1BFB6001F4CF4 /* BCCU-SWIFTUITests */ = {
			isa = PBXNativeTarget;
			buildConfigurationList = 042FDE4A2CA1BFB6001F4CF4 /* Build configuration list for PBXNativeTarget "BCCU-SWIFTUITests" */;
			buildPhases = (
				042FDE352CA1BFB6001F4CF4 /* Sources */,
				042FDE362CA1BFB6001F4CF4 /* Frameworks */,
				042FDE372CA1BFB6001F4CF4 /* Resources */,
			);
			buildRules = (
			);
			dependencies = (
				042FDE3B2CA1BFB6001F4CF4 /* PBXTargetDependency */,
			);
			fileSystemSynchronizedGroups = (
				042FDE3C2CA1BFB6001F4CF4 /* BCCU-SWIFTUITests */,
			);
			name = "BCCU-SWIFTUITests";
			packageProductDependencies = (
			);
			productName = "BCCU-SWIFTUITests";
			productReference = 042FDE392CA1BFB6001F4CF4 /* BCCU-SWIFTUITests.xctest */;
			productType = "com.apple.product-type.bundle.ui-testing";
		};
/* End PBXNativeTarget section */

/* Begin PBXProject section */
		042FDE0E2CA1BFB5001F4CF4 /* Project object */ = {
			isa = PBXProject;
			attributes = {
				BuildIndependentTargetsInParallel = 1;
				LastSwiftUpdateCheck = 1600;
				LastUpgradeCheck = 1600;
				TargetAttributes = {
					042FDE152CA1BFB5001F4CF4 = {
						CreatedOnToolsVersion = 16.0;
					};
					042FDE2E2CA1BFB6001F4CF4 = {
						CreatedOnToolsVersion = 16.0;
						TestTargetID = 042FDE152CA1BFB5001F4CF4;
					};
					042FDE382CA1BFB6001F4CF4 = {
						CreatedOnToolsVersion = 16.0;
						TestTargetID = 042FDE152CA1BFB5001F4CF4;
					};
				};
			};
			buildConfigurationList = 042FDE112CA1BFB5001F4CF4 /* Build configuration list for PBXProject "BCCU-SWIFT" */;
			developmentRegion = en;
			hasScannedForEncodings = 0;
			knownRegions = (
				en,
				Base,
			);
			mainGroup = 042FDE0D2CA1BFB5001F4CF4;
			minimizedProjectReferenceProxies = 1;
			preferredProjectObjectVersion = 77;
			productRefGroup = 042FDE172CA1BFB5001F4CF4 /* Products */;
			projectDirPath = "";
			projectRoot = "";
			targets = (
				042FDE152CA1BFB5001F4CF4 /* BCCU-SWIFT */,
				042FDE2E2CA1BFB6001F4CF4 /* BCCU-SWIFTTests */,
				042FDE382CA1BFB6001F4CF4 /* BCCU-SWIFTUITests */,
			);
		};
/* End PBXProject section */

/* Begin PBXResourcesBuildPhase section */
		042FDE142CA1BFB5001F4CF4 /* Resources */ = {
			isa = PBXResourcesBuildPhase;
			buildActionMask = 2147483647;
			files = (
			);
			runOnlyForDeploymentPostprocessing = 0;
		};
		042FDE2D2CA1BFB6001F4CF4 /* Resources */ = {
			isa = PBXResourcesBuildPhase;
			buildActionMask = 2147483647;
			files = (
			);
			runOnlyForDeploymentPostprocessing = 0;
		};
		042FDE372CA1BFB6001F4CF4 /* Resources */ = {
			isa = PBXResourcesBuildPhase;
			buildActionMask = 2147483647;
			files = (
			);
			runOnlyForDeploymentPostprocessing = 0;
		};
/* End PBXResourcesBuildPhase section */

/* Begin PBXSourcesBuildPhase section */
		042FDE122CA1BFB5001F4CF4 /* Sources */ = {
			isa = PBXSourcesBuildPhase;
			buildActionMask = 2147483647;
			files = (
			);
			runOnlyForDeploymentPostprocessing = 0;
		};
		042FDE2B2CA1BFB6001F4CF4 /* Sources */ = {
			isa = PBXSourcesBuildPhase;
			buildActionMask = 2147483647;
			files = (
			);
			runOnlyForDeploymentPostprocessing = 0;
		};
		042FDE352CA1BFB6001F4CF4 /* Sources */ = {
			isa = PBXSourcesBuildPhase;
			buildActionMask = 2147483647;
			files = (
			);
			runOnlyForDeploymentPostprocessing = 0;
		};
/* End PBXSourcesBuildPhase section */

/* Begin PBXTargetDependency section */
		042FDE312CA1BFB6001F4CF4 /* PBXTargetDependency */ = {
			isa = PBXTargetDependency;
			target = 042FDE152CA1BFB5001F4CF4 /* BCCU-SWIFT */;
			targetProxy = 042FDE302CA1BFB6001F4CF4 /* PBXContainerItemProxy */;
		};
		042FDE3B2CA1BFB6001F4CF4 /* PBXTargetDependency */ = {
			isa = PBXTargetDependency;
			target = 042FDE152CA1BFB5001F4CF4 /* BCCU-SWIFT */;
			targetProxy = 042FDE3A2CA1BFB6001F4CF4 /* PBXContainerItemProxy */;
		};
/* End PBXTargetDependency section */

/* Begin XCBuildConfiguration section */
		042FDE432CA1BFB6001F4CF4 /* Debug */ = {
			isa = XCBuildConfiguration;
			buildSettings = {
				ASSETCATALOG_COMPILER_APPICON_NAME = AppIcon;
				ASSETCATALOG_COMPILER_GLOBAL_ACCENT_COLOR_NAME = AccentColor;
				CODE_SIGN_STYLE = Automatic;
				CURRENT_PROJECT_VERSION = 1;
				DEVELOPMENT_TEAM = D9899R8VB9;
				GENERATE_INFOPLIST_FILE = YES;
				INFOPLIST_FILE = "BCCU-SWIFT/Info.plist";
				INFOPLIST_KEY_UIApplicationSupportsIndirectInputEvents = YES;
				INFOPLIST_KEY_UILaunchStoryboardName = LaunchScreen;
				INFOPLIST_KEY_UIMainStoryboardFile = Main;
				INFOPLIST_KEY_UISupportedInterfaceOrientations_iPad = "UIInterfaceOrientationPortrait UIInterfaceOrientationPortraitUpsideDown UIInterfaceOrientationLandscapeLeft UIInterfaceOrientationLandscapeRight";
				INFOPLIST_KEY_UISupportedInterfaceOrientations_iPhone = "UIInterfaceOrientationPortrait UIInterfaceOrientationLandscapeLeft UIInterfaceOrientationLandscapeRight";
				LD_RUNPATH_SEARCH_PATHS = (
					"$(inherited)",
					"@executable_path/Frameworks",
				);
				MARKETING_VERSION = 1.0;
				PRODUCT_BUNDLE_IDENTIFIER = "jacktolley.BCCU-SWIFT";
				PRODUCT_NAME = "$(TARGET_NAME)";
				SWIFT_EMIT_LOC_STRINGS = YES;
				SWIFT_VERSION = 5.0;
				TARGETED_DEVICE_FAMILY = "1,2";
			};
			name = Debug;
		};
		042FDE442CA1BFB6001F4CF4 /* Release */ = {
			isa = XCBuildConfiguration;
			buildSettings = {
				ASSETCATALOG_COMPILER_APPICON_NAME = AppIcon;
				ASSETCATALOG_COMPILER_GLOBAL_ACCENT_COLOR_NAME = AccentColor;
				CODE_SIGN_STYLE = Automatic;
				CURRENT_PROJECT_VERSION = 1;
				DEVELOPMENT_TEAM = D9899R8VB9;
				GENERATE_INFOPLIST_FILE = YES;
				INFOPLIST_FILE = "BCCU-SWIFT/Info.plist";
				INFOPLIST_KEY_UIApplicationSupportsIndirectInputEvents = YES;
				INFOPLIST_KEY_UILaunchStoryboardName = LaunchScreen;
				INFOPLIST_KEY_UIMainStoryboardFile = Main;
				INFOPLIST_KEY_UISupportedInterfaceOrientations_iPad = "UIInterfaceOrientationPortrait UIInterfaceOrientationPortraitUpsideDown UIInterfaceOrientationLandscapeLeft UIInterfaceOrientationLandscapeRight";
				INFOPLIST_KEY_UISupportedInterfaceOrientations_iPhone = "UIInterfaceOrientationPortrait UIInterfaceOrientationLandscapeLeft UIInterfaceOrientationLandscapeRight";
				LD_RUNPATH_SEARCH_PATHS = (
					"$(inherited)",
					"@executable_path/Frameworks",
				);
				MARKETING_VERSION = 1.0;
				PRODUCT_BUNDLE_IDENTIFIER = "jacktolley.BCCU-SWIFT";
				PRODUCT_NAME = "$(TARGET_NAME)";
				SWIFT_EMIT_LOC_STRINGS = YES;
				SWIFT_VERSION = 5.0;
				TARGETED_DEVICE_FAMILY = "1,2";
			};
			name = Release;
		};
		042FDE452CA1BFB6001F4CF4 /* Debug */ = {
			isa = XCBuildConfiguration;
			buildSettings = {
				ALWAYS_SEARCH_USER_PATHS = NO;
				ASSETCATALOG_COMPILER_GENERATE_SWIFT_ASSET_SYMBOL_EXTENSIONS = YES;
				CLANG_ANALYZER_NONNULL = YES;
				CLANG_ANALYZER_NUMBER_OBJECT_CONVERSION = YES_AGGRESSIVE;
				CLANG_CXX_LANGUAGE_STANDARD = "gnu++20";
				CLANG_ENABLE_MODULES = YES;
				CLANG_ENABLE_OBJC_ARC = YES;
				CLANG_ENABLE_OBJC_WEAK = YES;
				CLANG_WARN_BLOCK_CAPTURE_AUTORELEASING = YES;
				CLANG_WARN_BOOL_CONVERSION = YES;
				CLANG_WARN_COMMA = YES;
				CLANG_WARN_CONSTANT_CONVERSION = YES;
				CLANG_WARN_DEPRECATED_OBJC_IMPLEMENTATIONS = YES;
				CLANG_WARN_DIRECT_OBJC_ISA_USAGE = YES_ERROR;
				CLANG_WARN_DOCUMENTATION_COMMENTS = YES;
				CLANG_WARN_EMPTY_BODY = YES;
				CLANG_WARN_ENUM_CONVERSION = YES;
				CLANG_WARN_INFINITE_RECURSION = YES;
				CLANG_WARN_INT_CONVERSION = YES;
				CLANG_WARN_NON_LITERAL_NULL_CONVERSION = YES;
				CLANG_WARN_OBJC_IMPLICIT_RETAIN_SELF = YES;
				CLANG_WARN_OBJC_LITERAL_CONVERSION = YES;
				CLANG_WARN_OBJC_ROOT_CLASS = YES_ERROR;
				CLANG_WARN_QUOTED_INCLUDE_IN_FRAMEWORK_HEADER = YES;
				CLANG_WARN_RANGE_LOOP_ANALYSIS = YES;
				CLANG_WARN_STRICT_PROTOTYPES = YES;
				CLANG_WARN_SUSPICIOUS_MOVE = YES;
				CLANG_WARN_UNGUARDED_AVAILABILITY = YES_AGGRESSIVE;
				CLANG_WARN_UNREACHABLE_CODE = YES;
				CLANG_WARN__DUPLICATE_METHOD_MATCH = YES;
				COPY_PHASE_STRIP = NO;
				DEBUG_INFORMATION_FORMAT = dwarf;
				ENABLE_STRICT_OBJC_MSGSEND = YES;
				ENABLE_TESTABILITY = YES;
				ENABLE_USER_SCRIPT_SANDBOXING = YES;
				GCC_C_LANGUAGE_STANDARD = gnu17;
				GCC_DYNAMIC_NO_PIC = NO;
				GCC_NO_COMMON_BLOCKS = YES;
				GCC_OPTIMIZATION_LEVEL = 0;
				GCC_PREPROCESSOR_DEFINITIONS = (
					"DEBUG=1",
					"$(inherited)",
				);
				GCC_WARN_64_TO_32_BIT_CONVERSION = YES;
				GCC_WARN_ABOUT_RETURN_TYPE = YES_ERROR;
				GCC_WARN_UNDECLARED_SELECTOR = YES;
				GCC_WARN_UNINITIALIZED_AUTOS = YES_AGGRESSIVE;
				GCC_WARN_UNUSED_FUNCTION = YES;
				GCC_WARN_UNUSED_VARIABLE = YES;
				IPHONEOS_DEPLOYMENT_TARGET = 18.0;
				LOCALIZATION_PREFERS_STRING_CATALOGS = YES;
				MTL_ENABLE_DEBUG_INFO = INCLUDE_SOURCE;
				MTL_FAST_MATH = YES;
				ONLY_ACTIVE_ARCH = YES;
				SDKROOT = iphoneos;
				SWIFT_ACTIVE_COMPILATION_CONDITIONS = "DEBUG $(inherited)";
				SWIFT_OPTIMIZATION_LEVEL = "-Onone";
			};
			name = Debug;
		};
		042FDE462CA1BFB6001F4CF4 /* Release */ = {
			isa = XCBuildConfiguration;
			buildSettings = {
				ALWAYS_SEARCH_USER_PATHS = NO;
				ASSETCATALOG_COMPILER_GENERATE_SWIFT_ASSET_SYMBOL_EXTENSIONS = YES;
				CLANG_ANALYZER_NONNULL = YES;
				CLANG_ANALYZER_NUMBER_OBJECT_CONVERSION = YES_AGGRESSIVE;
				CLANG_CXX_LANGUAGE_STANDARD = "gnu++20";
				CLANG_ENABLE_MODULES = YES;
				CLANG_ENABLE_OBJC_ARC = YES;
				CLANG_ENABLE_OBJC_WEAK = YES;
				CLANG_WARN_BLOCK_CAPTURE_AUTORELEASING = YES;
				CLANG_WARN_BOOL_CONVERSION = YES;
				CLANG_WARN_COMMA = YES;
				CLANG_WARN_CONSTANT_CONVERSION = YES;
				CLANG_WARN_DEPRECATED_OBJC_IMPLEMENTATIONS = YES;
				CLANG_WARN_DIRECT_OBJC_ISA_USAGE = YES_ERROR;
				CLANG_WARN_DOCUMENTATION_COMMENTS = YES;
				CLANG_WARN_EMPTY_BODY = YES;
				CLANG_WARN_ENUM_CONVERSION = YES;
				CLANG_WARN_INFINITE_RECURSION = YES;
				CLANG_WARN_INT_CONVERSION = YES;
				CLANG_WARN_NON_LITERAL_NULL_CONVERSION = YES;
				CLANG_WARN_OBJC_IMPLICIT_RETAIN_SELF = YES;
				CLANG_WARN_OBJC_LITERAL_CONVERSION = YES;
				CLANG_WARN_OBJC_ROOT_CLASS = YES_ERROR;
				CLANG_WARN_QUOTED_INCLUDE_IN_FRAMEWORK_HEADER = YES;
				CLANG_WARN_RANGE_LOOP_ANALYSIS = YES;
				CLANG_WARN_STRICT_PROTOTYPES = YES;
				CLANG_WARN_SUSPICIOUS_MOVE = YES;
				CLANG_WARN_UNGUARDED_AVAILABILITY = YES_AGGRESSIVE;
				CLANG_WARN_UNREACHABLE_CODE = YES;
				CLANG_WARN__DUPLICATE_METHOD_MATCH = YES;
				COPY_PHASE_STRIP = NO;
				DEBUG_INFORMATION_FORMAT = "dwarf-with-dsym";
				ENABLE_NS_ASSERTIONS = NO;
				ENABLE_STRICT_OBJC_MSGSEND = YES;
				ENABLE_USER_SCRIPT_SANDBOXING = YES;
				GCC_C_LANGUAGE_STANDARD = gnu17;
				GCC_NO_COMMON_BLOCKS = YES;
				GCC_WARN_64_TO_32_BIT_CONVERSION = YES;
				GCC_WARN_ABOUT_RETURN_TYPE = YES_ERROR;
				GCC_WARN_UNDECLARED_SELECTOR = YES;
				GCC_WARN_UNINITIALIZED_AUTOS = YES_AGGRESSIVE;
				GCC_WARN_UNUSED_FUNCTION = YES;
				GCC_WARN_UNUSED_VARIABLE = YES;
				IPHONEOS_DEPLOYMENT_TARGET = 18.0;
				LOCALIZATION_PREFERS_STRING_CATALOGS = YES;
				MTL_ENABLE_DEBUG_INFO = NO;
				MTL_FAST_MATH = YES;
				SDKROOT = iphoneos;
				SWIFT_COMPILATION_MODE = wholemodule;
				VALIDATE_PRODUCT = YES;
			};
			name = Release;
		};
		042FDE482CA1BFB6001F4CF4 /* Debug */ = {
			isa = XCBuildConfiguration;
			buildSettings = {
				BUNDLE_LOADER = "$(TEST_HOST)";
				CODE_SIGN_STYLE = Automatic;
				CURRENT_PROJECT_VERSION = 1;
				DEVELOPMENT_TEAM = D9899R8VB9;
				GENERATE_INFOPLIST_FILE = YES;
				IPHONEOS_DEPLOYMENT_TARGET = 18.0;
				MARKETING_VERSION = 1.0;
				PRODUCT_BUNDLE_IDENTIFIER = "jacktolley.BCCU-SWIFTTests";
				PRODUCT_NAME = "$(TARGET_NAME)";
				SWIFT_EMIT_LOC_STRINGS = NO;
				SWIFT_VERSION = 5.0;
				TARGETED_DEVICE_FAMILY = "1,2";
				TEST_HOST = "$(BUILT_PRODUCTS_DIR)/BCCU-SWIFT.app/$(BUNDLE_EXECUTABLE_FOLDER_PATH)/BCCU-SWIFT";
			};
			name = Debug;
		};
		042FDE492CA1BFB6001F4CF4 /* Release */ = {
			isa = XCBuildConfiguration;
			buildSettings = {
				BUNDLE_LOADER = "$(TEST_HOST)";
				CODE_SIGN_STYLE = Automatic;
				CURRENT_PROJECT_VERSION = 1;
				DEVELOPMENT_TEAM = D9899R8VB9;
				GENERATE_INFOPLIST_FILE = YES;
				IPHONEOS_DEPLOYMENT_TARGET = 18.0;
				MARKETING_VERSION = 1.0;
				PRODUCT_BUNDLE_IDENTIFIER = "jacktolley.BCCU-SWIFTTests";
				PRODUCT_NAME = "$(TARGET_NAME)";
				SWIFT_EMIT_LOC_STRINGS = NO;
				SWIFT_VERSION = 5.0;
				TARGETED_DEVICE_FAMILY = "1,2";
				TEST_HOST = "$(BUILT_PRODUCTS_DIR)/BCCU-SWIFT.app/$(BUNDLE_EXECUTABLE_FOLDER_PATH)/BCCU-SWIFT";
			};
			name = Release;
		};
		042FDE4B2CA1BFB6001F4CF4 /* Debug */ = {
			isa = XCBuildConfiguration;
			buildSettings = {
				CODE_SIGN_STYLE = Automatic;
				CURRENT_PROJECT_VERSION = 1;
				DEVELOPMENT_TEAM = D9899R8VB9;
				GENERATE_INFOPLIST_FILE = YES;
				MARKETING_VERSION = 1.0;
				PRODUCT_BUNDLE_IDENTIFIER = "jacktolley.BCCU-SWIFTUITests";
				PRODUCT_NAME = "$(TARGET_NAME)";
				SWIFT_EMIT_LOC_STRINGS = NO;
				SWIFT_VERSION = 5.0;
				TARGETED_DEVICE_FAMILY = "1,2";
				TEST_TARGET_NAME = "BCCU-SWIFT";
			};
			name = Debug;
		};
		042FDE4C2CA1BFB6001F4CF4 /* Release */ = {
			isa = XCBuildConfiguration;
			buildSettings = {
				CODE_SIGN_STYLE = Automatic;
				CURRENT_PROJECT_VERSION = 1;
				DEVELOPMENT_TEAM = D9899R8VB9;
				GENERATE_INFOPLIST_FILE = YES;
				MARKETING_VERSION = 1.0;
				PRODUCT_BUNDLE_IDENTIFIER = "jacktolley.BCCU-SWIFTUITests";
				PRODUCT_NAME = "$(TARGET_NAME)";
				SWIFT_EMIT_LOC_STRINGS = NO;
				SWIFT_VERSION = 5.0;
				TARGETED_DEVICE_FAMILY = "1,2";
				TEST_TARGET_NAME = "BCCU-SWIFT";
			};
			name = Release;
		};
/* End XCBuildConfiguration section */

/* Begin XCConfigurationList section */
		042FDE112CA1BFB5001F4CF4 /* Build configuration list for PBXProject "BCCU-SWIFT" */ = {
			isa = XCConfigurationList;
			buildConfigurations = (
				042FDE452CA1BFB6001F4CF4 /* Debug */,
				042FDE462CA1BFB6001F4CF4 /* Release */,
			);
			defaultConfigurationIsVisible = 0;
			defaultConfigurationName = Release;
		};
		042FDE422CA1BFB6001F4CF4 /* Build configuration list for PBXNativeTarget "BCCU-SWIFT" */ = {
			isa = XCConfigurationList;
			buildConfigurations = (
				042FDE432CA1BFB6001F4CF4 /* Debug */,
				042FDE442CA1BFB6001F4CF4 /* Release */,
			);
			defaultConfigurationIsVisible = 0;
			defaultConfigurationName = Release;
		};
		042FDE472CA1BFB6001F4CF4 /* Build configuration list for PBXNativeTarget "BCCU-SWIFTTests" */ = {
			isa = XCConfigurationList;
			buildConfigurations = (
				042FDE482CA1BFB6001F4CF4 /* Debug */,
				042FDE492CA1BFB6001F4CF4 /* Release */,
			);
			defaultConfigurationIsVisible = 0;
			defaultConfigurationName = Release;
		};
		042FDE4A2CA1BFB6001F4CF4 /* Build configuration list for PBXNativeTarget "BCCU-SWIFTUITests" */ = {
			isa = XCConfigurationList;
			buildConfigurations = (
				042FDE4B2CA1BFB6001F4CF4 /* Debug */,
				042FDE4C2CA1BFB6001F4CF4 /* Release */,
			);
			defaultConfigurationIsVisible = 0;
			defaultConfigurationName = Release;
		};
/* End XCConfigurationList section */
	};
	rootObject = 042FDE0E2CA1BFB5001F4CF4 /* Project object */;
}
